{
  "lockfileVersion": 1,
  "configVersion": 1,
  "workspaces": {
    "": {
      "name": "fnars",
      "dependencies": {
        "nbb": "^1.3.196",
      },
    },
  },
  "packages": {
    "import-meta-resolve": ["import-meta-resolve@4.2.0", "", {}, "sha512-Iqv2fzaTQN28s/FwZAoFq0ZSs/7hMAHJVX+w8PZl3cY19Pxk6jFFalxQoIfW2826i/fDLXv8IiEZRIT0lDuWcg=="],

    "nbb": ["nbb@1.4.206", "", { "dependencies": { "import-meta-resolve": "^4.1.0" }, "bin": { "nbb": "cli.js", "nbbun": "nbbun.js" } }, "sha512-6UycYoLo4zBEiYrUIWLVvhTBvfdJQIWEvN2JAmvLscBivhEShFjbkw1Qfn7tFRJKXVtQoMVwlQ7ncwcD97yudQ=="],
  }
}
